// !$*UTF8*$!
{
	archiveVersion = 1;
	classes = {
	};
	objectVersion = 54;
	objects = {

/* Begin PBXBuildFile section */
		7F08BBD624AF1D4B00B3F5EB /* TableViewDownloadingCell.m in Sources */ = {isa = PBXBuildFile; fileRef = 7F08BBD524AF1D4B00B3F5EB /* TableViewDownloadingCell.m */; };
		7F08BBD924AF1E1700B3F5EB /* Constants.m in Sources */ = {isa = PBXBuildFile; fileRef = 7F08BBD824AF1E1700B3F5EB /* Constants.m */; };
		7F4CB57924A42AAB00CC0889 /* AppDelegate.m in Sources */ = {isa = PBXBuildFile; fileRef = 7F4CB57824A42AAB00CC0889 /* AppDelegate.m */; };
		7F4CB57C24A42AAB00CC0889 /* SceneDelegate.m in Sources */ = {isa = PBXBuildFile; fileRef = 7F4CB57B24A42AAB00CC0889 /* SceneDelegate.m */; };
		7F4CB57F24A42AAB00CC0889 /* ViewController.m in Sources */ = {isa = PBXBuildFile; fileRef = 7F4CB57E24A42AAB00CC0889 /* ViewController.m */; };
		7F4CB58224A42AAB00CC0889 /* Main.storyboard in Resources */ = {isa = PBXBuildFile; fileRef = 7F4CB58024A42AAB00CC0889 /* Main.storyboard */; };
		7F4CB58424A42AAD00CC0889 /* Assets.xcassets in Resources */ = {isa = PBXBuildFile; fileRef = 7F4CB58324A42AAD00CC0889 /* Assets.xcassets */; };
		7F4CB58724A42AAD00CC0889 /* LaunchScreen.storyboard in Resources */ = {isa = PBXBuildFile; fileRef = 7F4CB58524A42AAD00CC0889 /* LaunchScreen.storyboard */; };
		7F4CB58A24A42AAD00CC0889 /* main.m in Sources */ = {isa = PBXBuildFile; fileRef = 7F4CB58924A42AAD00CC0889 /* main.m */; };
		7F4CB59424A42AAD00CC0889 /* AidemPythonDemoTests.m in Sources */ = {isa = PBXBuildFile; fileRef = 7F4CB59324A42AAD00CC0889 /* AidemPythonDemoTests.m */; };
		7F4CB59F24A42AAD00CC0889 /* AidemPythonDemoUITests.m in Sources */ = {isa = PBXBuildFile; fileRef = 7F4CB59E24A42AAD00CC0889 /* AidemPythonDemoUITests.m */; };
		7F4CBD5C24A42D6200CC0889 /* libsqlite3.tbd in Frameworks */ = {isa = PBXBuildFile; fileRef = 7F4CBD5B24A42D6200CC0889 /* libsqlite3.tbd */; };
		7F4CBD5E24A42D6800CC0889 /* libz.tbd in Frameworks */ = {isa = PBXBuildFile; fileRef = 7F4CBD5D24A42D6800CC0889 /* libz.tbd */; };
		7FD0631F29E59EA300787EB2 /* libcrypto.a in Frameworks */ = {isa = PBXBuildFile; fileRef = 7FD061C529E59EA100787EB2 /* libcrypto.a */; };
		7FD0632029E59EA300787EB2 /* VMPythonResourceDownloader.m in Sources */ = {isa = PBXBuildFile; fileRef = 7FD061C829E59EA100787EB2 /* VMPythonResourceDownloader.m */; };
		7FD0632129E59EA300787EB2 /* VMDownloadOperationConstants.m in Sources */ = {isa = PBXBuildFile; fileRef = 7FD061CB29E59EA100787EB2 /* VMDownloadOperationConstants.m */; };
		7FD0632229E59EA300787EB2 /* VMPythonDownloadOperation.m in Sources */ = {isa = PBXBuildFile; fileRef = 7FD061CC29E59EA100787EB2 /* VMPythonDownloadOperation.m */; };
		7FD0632329E59EA300787EB2 /* VMPython.m in Sources */ = {isa = PBXBuildFile; fileRef = 7FD061D229E59EA100787EB2 /* VMPython.m */; };
		7FD0632429E59EA300787EB2 /* VMPythonAidemModule.m in Sources */ = {isa = PBXBuildFile; fileRef = 7FD061D329E59EA100787EB2 /* VMPythonAidemModule.m */; };
		7FD0632529E59EA300787EB2 /* VMTrackMergingAsset.m in Sources */ = {isa = PBXBuildFile; fileRef = 7FD061D829E59EA100787EB2 /* VMTrackMergingAsset.m */; };
		7FD0632629E59EA300787EB2 /* VMVideoNAudioMerger.m in Sources */ = {isa = PBXBuildFile; fileRef = 7FD061D929E59EA100787EB2 /* VMVideoNAudioMerger.m */; };
		7FD0632729E59EA300787EB2 /* VMFileSizeCalculator.m in Sources */ = {isa = PBXBuildFile; fileRef = 7FD061DC29E59EA100787EB2 /* VMFileSizeCalculator.m */; };
		7FD0632829E59EA300787EB2 /* VMWebResourceModel.m in Sources */ = {isa = PBXBuildFile; fileRef = 7FD061E029E59EA100787EB2 /* VMWebResourceModel.m */; };
		7FD0632929E59EA300787EB2 /* VMWebResourceOptionModel.m in Sources */ = {isa = PBXBuildFile; fileRef = 7FD061E129E59EA100787EB2 /* VMWebResourceOptionModel.m */; };
		7FD0632A29E59EA300787EB2 /* VMResourceDownloader.m in Sources */ = {isa = PBXBuildFile; fileRef = 7FD061E529E59EA100787EB2 /* VMResourceDownloader.m */; };
		7FD0632B29E59EA300787EB2 /* libpython3.a in Frameworks */ = {isa = PBXBuildFile; fileRef = 7FD061E629E59EA100787EB2 /* libpython3.a */; };
		7FD063C429E59EA400787EB2 /* libssl.a in Frameworks */ = {isa = PBXBuildFile; fileRef = 7FD0631D29E59EA300787EB2 /* libssl.a */; };
		7FD063C529E59EA400787EB2 /* libffi.a in Frameworks */ = {isa = PBXBuildFile; fileRef = 7FD0631E29E59EA300787EB2 /* libffi.a */; };
		7FD063C729E59EBE00787EB2 /* python in Resources */ = {isa = PBXBuildFile; fileRef = 7FD063C629E59EBE00787EB2 /* python */; };
		7FD063CD29E59FF700787EB2 /* VMPythonDownloadProcessButton.m in Sources */ = {isa = PBXBuildFile; fileRef = 7FD063CB29E59FF700787EB2 /* VMPythonDownloadProcessButton.m */; };
		7FD063D029E5A07C00787EB2 /* MBProgressHUD in Frameworks */ = {isa = PBXBuildFile; productRef = 7FD063CF29E5A07C00787EB2 /* MBProgressHUD */; };
		7FD063D329E5A12F00787EB2 /* AFNetworking in Frameworks */ = {isa = PBXBuildFile; productRef = 7FD063D229E5A12F00787EB2 /* AFNetworking */; };
		7FFEE25A24AADB9D0071144F /* libbz2.tbd in Frameworks */ = {isa = PBXBuildFile; fileRef = 7FFEE25924AADB9C0071144F /* libbz2.tbd */; };
/* End PBXBuildFile section */

/* Begin PBXContainerItemProxy section */
		7F4CB59024A42AAD00CC0889 /* PBXContainerItemProxy */ = {
			isa = PBXContainerItemProxy;
			containerPortal = 7F4CB56C24A42AAB00CC0889 /* Project object */;
			proxyType = 1;
			remoteGlobalIDString = 7F4CB57324A42AAB00CC0889;
			remoteInfo = "PythonForVideoMemos-Demo";
		};
		7F4CB59B24A42AAD00CC0889 /* PBXContainerItemProxy */ = {
			isa = PBXContainerItemProxy;
			containerPortal = 7F4CB56C24A42AAB00CC0889 /* Project object */;
			proxyType = 1;
			remoteGlobalIDString = 7F4CB57324A42AAB00CC0889;
			remoteInfo = "PythonForVideoMemos-Demo";
		};
/* End PBXContainerItemProxy section */

/* Begin PBXFileReference section */
		7F08BBD424AF1D4B00B3F5EB /* TableViewDownloadingCell.h */ = {isa = PBXFileReference; lastKnownFileType = sourcecode.c.h; path = TableViewDownloadingCell.h; sourceTree = "<group>"; };
		7F08BBD524AF1D4B00B3F5EB /* TableViewDownloadingCell.m */ = {isa = PBXFileReference; lastKnownFileType = sourcecode.c.objc; path = TableViewDownloadingCell.m; sourceTree = "<group>"; };
		7F08BBD724AF1E1700B3F5EB /* Constants.h */ = {isa = PBXFileReference; lastKnownFileType = sourcecode.c.h; path = Constants.h; sourceTree = "<group>"; };
		7F08BBD824AF1E1700B3F5EB /* Constants.m */ = {isa = PBXFileReference; lastKnownFileType = sourcecode.c.objc; path = Constants.m; sourceTree = "<group>"; };
		7F4CB57424A42AAB00CC0889 /* AidemPythonDemo.app */ = {isa = PBXFileReference; explicitFileType = wrapper.application; includeInIndex = 0; path = AidemPythonDemo.app; sourceTree = BUILT_PRODUCTS_DIR; };
		7F4CB57724A42AAB00CC0889 /* AppDelegate.h */ = {isa = PBXFileReference; lastKnownFileType = sourcecode.c.h; path = AppDelegate.h; sourceTree = "<group>"; };
		7F4CB57824A42AAB00CC0889 /* AppDelegate.m */ = {isa = PBXFileReference; lastKnownFileType = sourcecode.c.objc; path = AppDelegate.m; sourceTree = "<group>"; };
		7F4CB57A24A42AAB00CC0889 /* SceneDelegate.h */ = {isa = PBXFileReference; lastKnownFileType = sourcecode.c.h; path = SceneDelegate.h; sourceTree = "<group>"; };
		7F4CB57B24A42AAB00CC0889 /* SceneDelegate.m */ = {isa = PBXFileReference; lastKnownFileType = sourcecode.c.objc; path = SceneDelegate.m; sourceTree = "<group>"; };
		7F4CB57D24A42AAB00CC0889 /* ViewController.h */ = {isa = PBXFileReference; lastKnownFileType = sourcecode.c.h; path = ViewController.h; sourceTree = "<group>"; };
		7F4CB57E24A42AAB00CC0889 /* ViewController.m */ = {isa = PBXFileReference; lastKnownFileType = sourcecode.c.objc; path = ViewController.m; sourceTree = "<group>"; };
		7F4CB58124A42AAB00CC0889 /* Base */ = {isa = PBXFileReference; lastKnownFileType = file.storyboard; name = Base; path = Base.lproj/Main.storyboard; sourceTree = "<group>"; };
		7F4CB58324A42AAD00CC0889 /* Assets.xcassets */ = {isa = PBXFileReference; lastKnownFileType = folder.assetcatalog; path = Assets.xcassets; sourceTree = "<group>"; };
		7F4CB58624A42AAD00CC0889 /* Base */ = {isa = PBXFileReference; lastKnownFileType = file.storyboard; name = Base; path = Base.lproj/LaunchScreen.storyboard; sourceTree = "<group>"; };
		7F4CB58824A42AAD00CC0889 /* Info.plist */ = {isa = PBXFileReference; lastKnownFileType = text.plist.xml; path = Info.plist; sourceTree = "<group>"; };
		7F4CB58924A42AAD00CC0889 /* main.m */ = {isa = PBXFileReference; lastKnownFileType = sourcecode.c.objc; path = main.m; sourceTree = "<group>"; };
		7F4CB58F24A42AAD00CC0889 /* AidemPythonDemoTests.xctest */ = {isa = PBXFileReference; explicitFileType = wrapper.cfbundle; includeInIndex = 0; path = AidemPythonDemoTests.xctest; sourceTree = BUILT_PRODUCTS_DIR; };
		7F4CB59324A42AAD00CC0889 /* AidemPythonDemoTests.m */ = {isa = PBXFileReference; lastKnownFileType = sourcecode.c.objc; path = AidemPythonDemoTests.m; sourceTree = "<group>"; };
		7F4CB59524A42AAD00CC0889 /* Info.plist */ = {isa = PBXFileReference; lastKnownFileType = text.plist.xml; path = Info.plist; sourceTree = "<group>"; };
		7F4CB59A24A42AAD00CC0889 /* AidemPythonDemoUITests.xctest */ = {isa = PBXFileReference; explicitFileType = wrapper.cfbundle; includeInIndex = 0; path = AidemPythonDemoUITests.xctest; sourceTree = BUILT_PRODUCTS_DIR; };
		7F4CB59E24A42AAD00CC0889 /* AidemPythonDemoUITests.m */ = {isa = PBXFileReference; lastKnownFileType = sourcecode.c.objc; path = AidemPythonDemoUITests.m; sourceTree = "<group>"; };
		7F4CB5A024A42AAD00CC0889 /* Info.plist */ = {isa = PBXFileReference; lastKnownFileType = text.plist.xml; path = Info.plist; sourceTree = "<group>"; };
		7F4CBD5B24A42D6200CC0889 /* libsqlite3.tbd */ = {isa = PBXFileReference; lastKnownFileType = "sourcecode.text-based-dylib-definition"; name = libsqlite3.tbd; path = usr/lib/libsqlite3.tbd; sourceTree = SDKROOT; };
		7F4CBD5D24A42D6800CC0889 /* libz.tbd */ = {isa = PBXFileReference; lastKnownFileType = "sourcecode.text-based-dylib-definition"; name = libz.tbd; path = usr/lib/libz.tbd; sourceTree = SDKROOT; };
		7FD061C529E59EA100787EB2 /* libcrypto.a */ = {isa = PBXFileReference; lastKnownFileType = archive.ar; path = libcrypto.a; sourceTree = "<group>"; };
		7FD061C829E59EA100787EB2 /* VMPythonResourceDownloader.m */ = {isa = PBXFileReference; fileEncoding = 4; lastKnownFileType = sourcecode.c.objc; path = VMPythonResourceDownloader.m; sourceTree = "<group>"; };
		7FD061CA29E59EA100787EB2 /* VMPythonDownloadOperation.h */ = {isa = PBXFileReference; fileEncoding = 4; lastKnownFileType = sourcecode.c.h; path = VMPythonDownloadOperation.h; sourceTree = "<group>"; };
		7FD061CB29E59EA100787EB2 /* VMDownloadOperationConstants.m */ = {isa = PBXFileReference; fileEncoding = 4; lastKnownFileType = sourcecode.c.objc; path = VMDownloadOperationConstants.m; sourceTree = "<group>"; };
		7FD061CC29E59EA100787EB2 /* VMPythonDownloadOperation.m */ = {isa = PBXFileReference; fileEncoding = 4; lastKnownFileType = sourcecode.c.objc; path = VMPythonDownloadOperation.m; sourceTree = "<group>"; };
		7FD061CD29E59EA100787EB2 /* VMDownloadOperationConstants.h */ = {isa = PBXFileReference; fileEncoding = 4; lastKnownFileType = sourcecode.c.h; path = VMDownloadOperationConstants.h; sourceTree = "<group>"; };
		7FD061CE29E59EA100787EB2 /* VMPythonResourceDownloaderDelegate.h */ = {isa = PBXFileReference; fileEncoding = 4; lastKnownFileType = sourcecode.c.h; path = VMPythonResourceDownloaderDelegate.h; sourceTree = "<group>"; };
		7FD061CF29E59EA100787EB2 /* VMPythonResourceDownloader.h */ = {isa = PBXFileReference; fileEncoding = 4; lastKnownFileType = sourcecode.c.h; path = VMPythonResourceDownloader.h; sourceTree = "<group>"; };
		7FD061D129E59EA100787EB2 /* VMPythonAidemModule.h */ = {isa = PBXFileReference; fileEncoding = 4; lastKnownFileType = sourcecode.c.h; path = VMPythonAidemModule.h; sourceTree = "<group>"; };
		7FD061D229E59EA100787EB2 /* VMPython.m */ = {isa = PBXFileReference; fileEncoding = 4; lastKnownFileType = sourcecode.c.objc; path = VMPython.m; sourceTree = "<group>"; };
		7FD061D329E59EA100787EB2 /* VMPythonAidemModule.m */ = {isa = PBXFileReference; fileEncoding = 4; lastKnownFileType = sourcecode.c.objc; path = VMPythonAidemModule.m; sourceTree = "<group>"; };
		7FD061D429E59EA100787EB2 /* VMPython.h */ = {isa = PBXFileReference; fileEncoding = 4; lastKnownFileType = sourcecode.c.h; path = VMPython.h; sourceTree = "<group>"; };
		7FD061D729E59EA100787EB2 /* VMVideoNAudioMerger.h */ = {isa = PBXFileReference; fileEncoding = 4; lastKnownFileType = sourcecode.c.h; path = VMVideoNAudioMerger.h; sourceTree = "<group>"; };
		7FD061D829E59EA100787EB2 /* VMTrackMergingAsset.m */ = {isa = PBXFileReference; fileEncoding = 4; lastKnownFileType = sourcecode.c.objc; path = VMTrackMergingAsset.m; sourceTree = "<group>"; };
		7FD061D929E59EA100787EB2 /* VMVideoNAudioMerger.m */ = {isa = PBXFileReference; fileEncoding = 4; lastKnownFileType = sourcecode.c.objc; path = VMVideoNAudioMerger.m; sourceTree = "<group>"; };
		7FD061DA29E59EA100787EB2 /* VMTrackMergingAsset.h */ = {isa = PBXFileReference; fileEncoding = 4; lastKnownFileType = sourcecode.c.h; path = VMTrackMergingAsset.h; sourceTree = "<group>"; };
		7FD061DB29E59EA100787EB2 /* VMFileSizeCalculator.h */ = {isa = PBXFileReference; fileEncoding = 4; lastKnownFileType = sourcecode.c.h; path = VMFileSizeCalculator.h; sourceTree = "<group>"; };
		7FD061DC29E59EA100787EB2 /* VMFileSizeCalculator.m */ = {isa = PBXFileReference; fileEncoding = 4; lastKnownFileType = sourcecode.c.objc; path = VMFileSizeCalculator.m; sourceTree = "<group>"; };
		7FD061DD29E59EA100787EB2 /* VMPythonCommon.h */ = {isa = PBXFileReference; fileEncoding = 4; lastKnownFileType = sourcecode.c.h; path = VMPythonCommon.h; sourceTree = "<group>"; };
		7FD061DF29E59EA100787EB2 /* VMWebResourceOptionModel.h */ = {isa = PBXFileReference; fileEncoding = 4; lastKnownFileType = sourcecode.c.h; path = VMWebResourceOptionModel.h; sourceTree = "<group>"; };
		7FD061E029E59EA100787EB2 /* VMWebResourceModel.m */ = {isa = PBXFileReference; fileEncoding = 4; lastKnownFileType = sourcecode.c.objc; path = VMWebResourceModel.m; sourceTree = "<group>"; };
		7FD061E129E59EA100787EB2 /* VMWebResourceOptionModel.m */ = {isa = PBXFileReference; fileEncoding = 4; lastKnownFileType = sourcecode.c.objc; path = VMWebResourceOptionModel.m; sourceTree = "<group>"; };
		7FD061E229E59EA100787EB2 /* VMWebResourceModel.h */ = {isa = PBXFileReference; fileEncoding = 4; lastKnownFileType = sourcecode.c.h; path = VMWebResourceModel.h; sourceTree = "<group>"; };
		7FD061E429E59EA100787EB2 /* VMResourceDownloader.h */ = {isa = PBXFileReference; fileEncoding = 4; lastKnownFileType = sourcecode.c.h; path = VMResourceDownloader.h; sourceTree = "<group>"; };
		7FD061E529E59EA100787EB2 /* VMResourceDownloader.m */ = {isa = PBXFileReference; fileEncoding = 4; lastKnownFileType = sourcecode.c.objc; path = VMResourceDownloader.m; sourceTree = "<group>"; };
		7FD061E629E59EA100787EB2 /* libpython3.a */ = {isa = PBXFileReference; lastKnownFileType = archive.ar; path = libpython3.a; sourceTree = "<group>"; };
		7FD0631D29E59EA300787EB2 /* libssl.a */ = {isa = PBXFileReference; lastKnownFileType = archive.ar; path = libssl.a; sourceTree = "<group>"; };
		7FD0631E29E59EA300787EB2 /* libffi.a */ = {isa = PBXFileReference; lastKnownFileType = archive.ar; path = libffi.a; sourceTree = "<group>"; };
		7FD063C629E59EBE00787EB2 /* python */ = {isa = PBXFileReference; lastKnownFileType = folder; path = python; sourceTree = "<group>"; };
		7FD063CB29E59FF700787EB2 /* VMPythonDownloadProcessButton.m */ = {isa = PBXFileReference; fileEncoding = 4; lastKnownFileType = sourcecode.c.objc; path = VMPythonDownloadProcessButton.m; sourceTree = "<group>"; };
		7FD063CC29E59FF700787EB2 /* VMPythonDownloadProcessButton.h */ = {isa = PBXFileReference; fileEncoding = 4; lastKnownFileType = sourcecode.c.h; path = VMPythonDownloadProcessButton.h; sourceTree = "<group>"; };
		7FFEE25924AADB9C0071144F /* libbz2.tbd */ = {isa = PBXFileReference; lastKnownFileType = "sourcecode.text-based-dylib-definition"; name = libbz2.tbd; path = usr/lib/libbz2.tbd; sourceTree = SDKROOT; };
/* End PBXFileReference section */

/* Begin PBXFrameworksBuildPhase section */
		7F4CB57124A42AAB00CC0889 /* Frameworks */ = {
			isa = PBXFrameworksBuildPhase;
			buildActionMask = 2147483647;
			files = (
				7FD063C429E59EA400787EB2 /* libssl.a in Frameworks */,
				7FFEE25A24AADB9D0071144F /* libbz2.tbd in Frameworks */,
				7FD063D029E5A07C00787EB2 /* MBProgressHUD in Frameworks */,
				7FD0631F29E59EA300787EB2 /* libcrypto.a in Frameworks */,
				7FD0632B29E59EA300787EB2 /* libpython3.a in Frameworks */,
				7F4CBD5E24A42D6800CC0889 /* libz.tbd in Frameworks */,
				7F4CBD5C24A42D6200CC0889 /* libsqlite3.tbd in Frameworks */,
				7FD063C529E59EA400787EB2 /* libffi.a in Frameworks */,
				7FD063D329E5A12F00787EB2 /* AFNetworking in Frameworks */,
			);
			runOnlyForDeploymentPostprocessing = 0;
		};
		7F4CB58C24A42AAD00CC0889 /* Frameworks */ = {
			isa = PBXFrameworksBuildPhase;
			buildActionMask = 2147483647;
			files = (
			);
			runOnlyForDeploymentPostprocessing = 0;
		};
		7F4CB59724A42AAD00CC0889 /* Frameworks */ = {
			isa = PBXFrameworksBuildPhase;
			buildActionMask = 2147483647;
			files = (
			);
			runOnlyForDeploymentPostprocessing = 0;
		};
/* End PBXFrameworksBuildPhase section */

/* Begin PBXGroup section */
		7F4CB56B24A42AAB00CC0889 = {
			isa = PBXGroup;
			children = (
				7F4CB57624A42AAB00CC0889 /* AidemPythonDemo */,
				7F4CB59224A42AAD00CC0889 /* AidemPythonDemoTests */,
				7F4CB59D24A42AAD00CC0889 /* AidemPythonDemoUITests */,
				7F4CB57524A42AAB00CC0889 /* Products */,
				7FFEE25824AADB9C0071144F /* Frameworks */,
			);
			sourceTree = "<group>";
		};
		7F4CB57524A42AAB00CC0889 /* Products */ = {
			isa = PBXGroup;
			children = (
				7F4CB57424A42AAB00CC0889 /* AidemPythonDemo.app */,
				7F4CB58F24A42AAD00CC0889 /* AidemPythonDemoTests.xctest */,
				7F4CB59A24A42AAD00CC0889 /* AidemPythonDemoUITests.xctest */,
			);
			name = Products;
			sourceTree = "<group>";
		};
		7F4CB57624A42AAB00CC0889 /* AidemPythonDemo */ = {
			isa = PBXGroup;
			children = (
				7F4CB57724A42AAB00CC0889 /* AppDelegate.h */,
				7F4CB57824A42AAB00CC0889 /* AppDelegate.m */,
				7F4CB57A24A42AAB00CC0889 /* SceneDelegate.h */,
				7F4CB57B24A42AAB00CC0889 /* SceneDelegate.m */,
				7F08BBD724AF1E1700B3F5EB /* Constants.h */,
				7F08BBD824AF1E1700B3F5EB /* Constants.m */,
				7F4CB57D24A42AAB00CC0889 /* ViewController.h */,
				7F4CB57E24A42AAB00CC0889 /* ViewController.m */,
				7F08BBD424AF1D4B00B3F5EB /* TableViewDownloadingCell.h */,
				7F08BBD524AF1D4B00B3F5EB /* TableViewDownloadingCell.m */,
				7FD061C329E59E8E00787EB2 /* Libs */,
				7F4CB5AC24A42BFB00CC0889 /* SupportingFiles */,
				7F4CBD5A24A42D6200CC0889 /* Frameworks */,
			);
			path = AidemPythonDemo;
			sourceTree = "<group>";
		};
		7F4CB59224A42AAD00CC0889 /* AidemPythonDemoTests */ = {
			isa = PBXGroup;
			children = (
				7F4CB59324A42AAD00CC0889 /* AidemPythonDemoTests.m */,
				7F4CB59524A42AAD00CC0889 /* Info.plist */,
			);
			path = AidemPythonDemoTests;
			sourceTree = "<group>";
		};
		7F4CB59D24A42AAD00CC0889 /* AidemPythonDemoUITests */ = {
			isa = PBXGroup;
			children = (
				7F4CB59E24A42AAD00CC0889 /* AidemPythonDemoUITests.m */,
				7F4CB5A024A42AAD00CC0889 /* Info.plist */,
			);
			path = AidemPythonDemoUITests;
			sourceTree = "<group>";
		};
		7F4CB5AC24A42BFB00CC0889 /* SupportingFiles */ = {
			isa = PBXGroup;
			children = (
				7F4CB58024A42AAB00CC0889 /* Main.storyboard */,
				7F4CB58324A42AAD00CC0889 /* Assets.xcassets */,
				7F4CB58524A42AAD00CC0889 /* LaunchScreen.storyboard */,
				7F4CB58824A42AAD00CC0889 /* Info.plist */,
				7F4CB58924A42AAD00CC0889 /* main.m */,
			);
			path = SupportingFiles;
			sourceTree = "<group>";
		};
		7F4CBD5A24A42D6200CC0889 /* Frameworks */ = {
			isa = PBXGroup;
			children = (
				7F4CBD5D24A42D6800CC0889 /* libz.tbd */,
				7F4CBD5B24A42D6200CC0889 /* libsqlite3.tbd */,
			);
			name = Frameworks;
			path = ..;
			sourceTree = "<group>";
		};
		7FD061C329E59E8E00787EB2 /* Libs */ = {
			isa = PBXGroup;
			children = (
				7FD061C429E59EA100787EB2 /* AidemPython */,
			);
			path = Libs;
			sourceTree = "<group>";
		};
		7FD061C429E59EA100787EB2 /* AidemPython */ = {
			isa = PBXGroup;
			children = (
				7FD063CA29E59FF700787EB2 /* VMPythonDownloadProcessButton */,
				7FD061C629E59EA100787EB2 /* VMPython */,
				7FD063C629E59EBE00787EB2 /* python */,
				7FD061C529E59EA100787EB2 /* libcrypto.a */,
				7FD061E629E59EA100787EB2 /* libpython3.a */,
				7FD0631D29E59EA300787EB2 /* libssl.a */,
				7FD0631E29E59EA300787EB2 /* libffi.a */,
			);
			name = AidemPython;
			path = ../../../AidemPython;
			sourceTree = "<group>";
		};
		7FD061C629E59EA100787EB2 /* VMPython */ = {
			isa = PBXGroup;
			children = (
				7FD061DD29E59EA100787EB2 /* VMPythonCommon.h */,
				7FD061D029E59EA100787EB2 /* Bridge */,
				7FD061C729E59EA100787EB2 /* VMPythonResourceDownloader */,
				7FD061E329E59EA100787EB2 /* VMResourceDownloader */,
				7FD061DE29E59EA100787EB2 /* Model */,
				7FD061D529E59EA100787EB2 /* Others */,
			);
			path = VMPython;
			sourceTree = "<group>";
		};
		7FD061C729E59EA100787EB2 /* VMPythonResourceDownloader */ = {
			isa = PBXGroup;
			children = (
				7FD061CE29E59EA100787EB2 /* VMPythonResourceDownloaderDelegate.h */,
				7FD061CF29E59EA100787EB2 /* VMPythonResourceDownloader.h */,
				7FD061C829E59EA100787EB2 /* VMPythonResourceDownloader.m */,
				7FD061C929E59EA100787EB2 /* VMPythonDownloadOperation */,
			);
			path = VMPythonResourceDownloader;
			sourceTree = "<group>";
		};
		7FD061C929E59EA100787EB2 /* VMPythonDownloadOperation */ = {
			isa = PBXGroup;
			children = (
				7FD061CD29E59EA100787EB2 /* VMDownloadOperationConstants.h */,
				7FD061CB29E59EA100787EB2 /* VMDownloadOperationConstants.m */,
				7FD061CA29E59EA100787EB2 /* VMPythonDownloadOperation.h */,
				7FD061CC29E59EA100787EB2 /* VMPythonDownloadOperation.m */,
			);
			path = VMPythonDownloadOperation;
			sourceTree = "<group>";
		};
		7FD061D029E59EA100787EB2 /* Bridge */ = {
			isa = PBXGroup;
			children = (
				7FD061D429E59EA100787EB2 /* VMPython.h */,
				7FD061D229E59EA100787EB2 /* VMPython.m */,
				7FD061D129E59EA100787EB2 /* VMPythonAidemModule.h */,
				7FD061D329E59EA100787EB2 /* VMPythonAidemModule.m */,
			);
			path = Bridge;
			sourceTree = "<group>";
		};
		7FD061D529E59EA100787EB2 /* Others */ = {
			isa = PBXGroup;
			children = (
				7FD061DB29E59EA100787EB2 /* VMFileSizeCalculator.h */,
				7FD061DC29E59EA100787EB2 /* VMFileSizeCalculator.m */,
				7FD061D629E59EA100787EB2 /* VMVideoNAudioMerger */,
			);
			path = Others;
			sourceTree = "<group>";
		};
		7FD061D629E59EA100787EB2 /* VMVideoNAudioMerger */ = {
			isa = PBXGroup;
			children = (
				7FD061D729E59EA100787EB2 /* VMVideoNAudioMerger.h */,
				7FD061D929E59EA100787EB2 /* VMVideoNAudioMerger.m */,
				7FD061DA29E59EA100787EB2 /* VMTrackMergingAsset.h */,
				7FD061D829E59EA100787EB2 /* VMTrackMergingAsset.m */,
			);
			path = VMVideoNAudioMerger;
			sourceTree = "<group>";
		};
		7FD061DE29E59EA100787EB2 /* Model */ = {
			isa = PBXGroup;
			children = (
				7FD061E229E59EA100787EB2 /* VMWebResourceModel.h */,
				7FD061E029E59EA100787EB2 /* VMWebResourceModel.m */,
				7FD061DF29E59EA100787EB2 /* VMWebResourceOptionModel.h */,
				7FD061E129E59EA100787EB2 /* VMWebResourceOptionModel.m */,
			);
			path = Model;
			sourceTree = "<group>";
		};
		7FD061E329E59EA100787EB2 /* VMResourceDownloader */ = {
			isa = PBXGroup;
			children = (
				7FD061E429E59EA100787EB2 /* VMResourceDownloader.h */,
				7FD061E529E59EA100787EB2 /* VMResourceDownloader.m */,
			);
			path = VMResourceDownloader;
			sourceTree = "<group>";
		};
		7FD063CA29E59FF700787EB2 /* VMPythonDownloadProcessButton */ = {
			isa = PBXGroup;
			children = (
				7FD063CC29E59FF700787EB2 /* VMPythonDownloadProcessButton.h */,
				7FD063CB29E59FF700787EB2 /* VMPythonDownloadProcessButton.m */,
			);
			path = VMPythonDownloadProcessButton;
			sourceTree = "<group>";
		};
		7FFEE25824AADB9C0071144F /* Frameworks */ = {
			isa = PBXGroup;
			children = (
				7FFEE25924AADB9C0071144F /* libbz2.tbd */,
			);
			name = Frameworks;
			sourceTree = "<group>";
		};
/* End PBXGroup section */

/* Begin PBXNativeTarget section */
		7F4CB57324A42AAB00CC0889 /* AidemPythonDemo */ = {
			isa = PBXNativeTarget;
			buildConfigurationList = 7F4CB5A324A42AAD00CC0889 /* Build configuration list for PBXNativeTarget "AidemPythonDemo" */;
			buildPhases = (
				7F4CB57024A42AAB00CC0889 /* Sources */,
				7F4CB57124A42AAB00CC0889 /* Frameworks */,
				7F4CB57224A42AAB00CC0889 /* Resources */,
				7FFEE24C24A884270071144F /* Run Script (Copy Frameworks) */,
			);
			buildRules = (
			);
			dependencies = (
			);
			name = AidemPythonDemo;
			packageProductDependencies = (
				7FD063CF29E5A07C00787EB2 /* MBProgressHUD */,
				7FD063D229E5A12F00787EB2 /* AFNetworking */,
			);
			productName = "PythonForVideoMemos-Demo";
			productReference = 7F4CB57424A42AAB00CC0889 /* AidemPythonDemo.app */;
			productType = "com.apple.product-type.application";
		};
		7F4CB58E24A42AAD00CC0889 /* AidemPythonDemoTests */ = {
			isa = PBXNativeTarget;
			buildConfigurationList = 7F4CB5A624A42AAD00CC0889 /* Build configuration list for PBXNativeTarget "AidemPythonDemoTests" */;
			buildPhases = (
				7F4CB58B24A42AAD00CC0889 /* Sources */,
				7F4CB58C24A42AAD00CC0889 /* Frameworks */,
				7F4CB58D24A42AAD00CC0889 /* Resources */,
			);
			buildRules = (
			);
			dependencies = (
				7F4CB59124A42AAD00CC0889 /* PBXTargetDependency */,
			);
			name = AidemPythonDemoTests;
			productName = "PythonForVideoMemos-DemoTests";
			productReference = 7F4CB58F24A42AAD00CC0889 /* AidemPythonDemoTests.xctest */;
			productType = "com.apple.product-type.bundle.unit-test";
		};
		7F4CB59924A42AAD00CC0889 /* AidemPythonDemoUITests */ = {
			isa = PBXNativeTarget;
			buildConfigurationList = 7F4CB5A924A42AAD00CC0889 /* Build configuration list for PBXNativeTarget "AidemPythonDemoUITests" */;
			buildPhases = (
				7F4CB59624A42AAD00CC0889 /* Sources */,
				7F4CB59724A42AAD00CC0889 /* Frameworks */,
				7F4CB59824A42AAD00CC0889 /* Resources */,
			);
			buildRules = (
			);
			dependencies = (
				7F4CB59C24A42AAD00CC0889 /* PBXTargetDependency */,
			);
			name = AidemPythonDemoUITests;
			productName = "PythonForVideoMemos-DemoUITests";
			productReference = 7F4CB59A24A42AAD00CC0889 /* AidemPythonDemoUITests.xctest */;
			productType = "com.apple.product-type.bundle.ui-testing";
		};
/* End PBXNativeTarget section */

/* Begin PBXProject section */
		7F4CB56C24A42AAB00CC0889 /* Project object */ = {
			isa = PBXProject;
			attributes = {
				LastUpgradeCheck = 1150;
				ORGANIZATIONNAME = Kjuly;
				TargetAttributes = {
					7F4CB57324A42AAB00CC0889 = {
						CreatedOnToolsVersion = 11.5;
					};
					7F4CB58E24A42AAD00CC0889 = {
						CreatedOnToolsVersion = 11.5;
						TestTargetID = 7F4CB57324A42AAB00CC0889;
					};
					7F4CB59924A42AAD00CC0889 = {
						CreatedOnToolsVersion = 11.5;
						TestTargetID = 7F4CB57324A42AAB00CC0889;
					};
				};
			};
			buildConfigurationList = 7F4CB56F24A42AAB00CC0889 /* Build configuration list for PBXProject "AidemPythonDemo" */;
			compatibilityVersion = "Xcode 9.3";
			developmentRegion = en;
			hasScannedForEncodings = 0;
			knownRegions = (
				en,
				Base,
			);
			mainGroup = 7F4CB56B24A42AAB00CC0889;
			packageReferences = (
				7FD063CE29E5A07C00787EB2 /* XCRemoteSwiftPackageReference "MBProgressHUD" */,
				7FD063D129E5A12F00787EB2 /* XCRemoteSwiftPackageReference "AFNetworking" */,
			);
			productRefGroup = 7F4CB57524A42AAB00CC0889 /* Products */;
			projectDirPath = "";
			projectRoot = "";
			targets = (
				7F4CB57324A42AAB00CC0889 /* AidemPythonDemo */,
				7F4CB58E24A42AAD00CC0889 /* AidemPythonDemoTests */,
				7F4CB59924A42AAD00CC0889 /* AidemPythonDemoUITests */,
			);
		};
/* End PBXProject section */

/* Begin PBXResourcesBuildPhase section */
		7F4CB57224A42AAB00CC0889 /* Resources */ = {
			isa = PBXResourcesBuildPhase;
			buildActionMask = 2147483647;
			files = (
				7FD063C729E59EBE00787EB2 /* python in Resources */,
				7F4CB58724A42AAD00CC0889 /* LaunchScreen.storyboard in Resources */,
				7F4CB58424A42AAD00CC0889 /* Assets.xcassets in Resources */,
				7F4CB58224A42AAB00CC0889 /* Main.storyboard in Resources */,
			);
			runOnlyForDeploymentPostprocessing = 0;
		};
		7F4CB58D24A42AAD00CC0889 /* Resources */ = {
			isa = PBXResourcesBuildPhase;
			buildActionMask = 2147483647;
			files = (
			);
			runOnlyForDeploymentPostprocessing = 0;
		};
		7F4CB59824A42AAD00CC0889 /* Resources */ = {
			isa = PBXResourcesBuildPhase;
			buildActionMask = 2147483647;
			files = (
			);
			runOnlyForDeploymentPostprocessing = 0;
		};
/* End PBXResourcesBuildPhase section */

/* Begin PBXShellScriptBuildPhase section */
		7FFEE24C24A884270071144F /* Run Script (Copy Frameworks) */ = {
			isa = PBXShellScriptBuildPhase;
			buildActionMask = 2147483647;
			files = (
			);
			inputFileListPaths = (
			);
			inputPaths = (
				"$(SRCROOT)/../Carthage/Build/iOS/AFNetworking.framework",
				"$(SRCROOT)/../Carthage/Build/iOS/MBProgressHUD.framework",
			);
			name = "Run Script (Copy Frameworks)";
			outputFileListPaths = (
			);
			outputPaths = (
				"$(BUILT_PRODUCTS_DIR)/$(FRAMEWORKS_FOLDER_PATH)/AFNetworking.framework",
				"$(BUILT_PRODUCTS_DIR)/$(FRAMEWORKS_FOLDER_PATH)/MBProgressHUD.framework",
			);
			runOnlyForDeploymentPostprocessing = 0;
			shellPath = /bin/sh;
			shellScript = "#/usr/local/bin/carthage copy-frameworks\n";
		};
/* End PBXShellScriptBuildPhase section */

/* Begin PBXSourcesBuildPhase section */
		7F4CB57024A42AAB00CC0889 /* Sources */ = {
			isa = PBXSourcesBuildPhase;
			buildActionMask = 2147483647;
			files = (
				7F4CB57F24A42AAB00CC0889 /* ViewController.m in Sources */,
				7FD0632A29E59EA300787EB2 /* VMResourceDownloader.m in Sources */,
				7FD0632529E59EA300787EB2 /* VMTrackMergingAsset.m in Sources */,
				7FD0632029E59EA300787EB2 /* VMPythonResourceDownloader.m in Sources */,
				7FD0632129E59EA300787EB2 /* VMDownloadOperationConstants.m in Sources */,
				7F4CB57924A42AAB00CC0889 /* AppDelegate.m in Sources */,
				7F08BBD924AF1E1700B3F5EB /* Constants.m in Sources */,
				7F08BBD624AF1D4B00B3F5EB /* TableViewDownloadingCell.m in Sources */,
				7FD0632329E59EA300787EB2 /* VMPython.m in Sources */,
				7FD0632929E59EA300787EB2 /* VMWebResourceOptionModel.m in Sources */,
				7FD0632229E59EA300787EB2 /* VMPythonDownloadOperation.m in Sources */,
				7FD0632729E59EA300787EB2 /* VMFileSizeCalculator.m in Sources */,
				7F4CB58A24A42AAD00CC0889 /* main.m in Sources */,
				7FD0632629E59EA300787EB2 /* VMVideoNAudioMerger.m in Sources */,
				7FD0632829E59EA300787EB2 /* VMWebResourceModel.m in Sources */,
				7FD0632429E59EA300787EB2 /* VMPythonAidemModule.m in Sources */,
				7FD063CD29E59FF700787EB2 /* VMPythonDownloadProcessButton.m in Sources */,
				7F4CB57C24A42AAB00CC0889 /* SceneDelegate.m in Sources */,
			);
			runOnlyForDeploymentPostprocessing = 0;
		};
		7F4CB58B24A42AAD00CC0889 /* Sources */ = {
			isa = PBXSourcesBuildPhase;
			buildActionMask = 2147483647;
			files = (
				7F4CB59424A42AAD00CC0889 /* AidemPythonDemoTests.m in Sources */,
			);
			runOnlyForDeploymentPostprocessing = 0;
		};
		7F4CB59624A42AAD00CC0889 /* Sources */ = {
			isa = PBXSourcesBuildPhase;
			buildActionMask = 2147483647;
			files = (
				7F4CB59F24A42AAD00CC0889 /* AidemPythonDemoUITests.m in Sources */,
			);
			runOnlyForDeploymentPostprocessing = 0;
		};
/* End PBXSourcesBuildPhase section */

/* Begin PBXTargetDependency section */
		7F4CB59124A42AAD00CC0889 /* PBXTargetDependency */ = {
			isa = PBXTargetDependency;
			target = 7F4CB57324A42AAB00CC0889 /* AidemPythonDemo */;
			targetProxy = 7F4CB59024A42AAD00CC0889 /* PBXContainerItemProxy */;
		};
		7F4CB59C24A42AAD00CC0889 /* PBXTargetDependency */ = {
			isa = PBXTargetDependency;
			target = 7F4CB57324A42AAB00CC0889 /* AidemPythonDemo */;
			targetProxy = 7F4CB59B24A42AAD00CC0889 /* PBXContainerItemProxy */;
		};
/* End PBXTargetDependency section */

/* Begin PBXVariantGroup section */
		7F4CB58024A42AAB00CC0889 /* Main.storyboard */ = {
			isa = PBXVariantGroup;
			children = (
				7F4CB58124A42AAB00CC0889 /* Base */,
			);
			name = Main.storyboard;
			sourceTree = "<group>";
		};
		7F4CB58524A42AAD00CC0889 /* LaunchScreen.storyboard */ = {
			isa = PBXVariantGroup;
			children = (
				7F4CB58624A42AAD00CC0889 /* Base */,
			);
			name = LaunchScreen.storyboard;
			sourceTree = "<group>";
		};
/* End PBXVariantGroup section */

/* Begin XCBuildConfiguration section */
		7F4CB5A124A42AAD00CC0889 /* Debug */ = {
			isa = XCBuildConfiguration;
			buildSettings = {
				ALWAYS_SEARCH_USER_PATHS = NO;
				CLANG_ANALYZER_NONNULL = YES;
				CLANG_ANALYZER_NUMBER_OBJECT_CONVERSION = YES_AGGRESSIVE;
				CLANG_CXX_LANGUAGE_STANDARD = "gnu++14";
				CLANG_CXX_LIBRARY = "libc++";
				CLANG_ENABLE_MODULES = YES;
				CLANG_ENABLE_OBJC_ARC = YES;
				CLANG_ENABLE_OBJC_WEAK = YES;
				CLANG_WARN_BLOCK_CAPTURE_AUTORELEASING = YES;
				CLANG_WARN_BOOL_CONVERSION = YES;
				CLANG_WARN_COMMA = YES;
				CLANG_WARN_CONSTANT_CONVERSION = YES;
				CLANG_WARN_DEPRECATED_OBJC_IMPLEMENTATIONS = YES;
				CLANG_WARN_DIRECT_OBJC_ISA_USAGE = YES_ERROR;
				CLANG_WARN_DOCUMENTATION_COMMENTS = YES;
				CLANG_WARN_EMPTY_BODY = YES;
				CLANG_WARN_ENUM_CONVERSION = YES;
				CLANG_WARN_INFINITE_RECURSION = YES;
				CLANG_WARN_INT_CONVERSION = YES;
				CLANG_WARN_NON_LITERAL_NULL_CONVERSION = YES;
				CLANG_WARN_OBJC_IMPLICIT_RETAIN_SELF = YES;
				CLANG_WARN_OBJC_LITERAL_CONVERSION = YES;
				CLANG_WARN_OBJC_ROOT_CLASS = YES_ERROR;
				CLANG_WARN_RANGE_LOOP_ANALYSIS = YES;
				CLANG_WARN_STRICT_PROTOTYPES = YES;
				CLANG_WARN_SUSPICIOUS_MOVE = YES;
				CLANG_WARN_UNGUARDED_AVAILABILITY = YES_AGGRESSIVE;
				CLANG_WARN_UNREACHABLE_CODE = YES;
				CLANG_WARN__DUPLICATE_METHOD_MATCH = YES;
				COPY_PHASE_STRIP = NO;
				DEBUG_INFORMATION_FORMAT = dwarf;
				ENABLE_STRICT_OBJC_MSGSEND = YES;
				ENABLE_TESTABILITY = YES;
				FRAMEWORK_SEARCH_PATHS = (
					"$(inherited)",
					"$(PROJECT_DIR)/../Carthage/Build/iOS",
				);
				GCC_C_LANGUAGE_STANDARD = gnu11;
				GCC_DYNAMIC_NO_PIC = NO;
				GCC_NO_COMMON_BLOCKS = YES;
				GCC_OPTIMIZATION_LEVEL = 0;
				GCC_PREPROCESSOR_DEFINITIONS = (
					"DEBUG=1",
					"$(inherited)",
				);
				GCC_WARN_64_TO_32_BIT_CONVERSION = YES;
				GCC_WARN_ABOUT_RETURN_TYPE = YES_ERROR;
				GCC_WARN_UNDECLARED_SELECTOR = YES;
				GCC_WARN_UNINITIALIZED_AUTOS = YES_AGGRESSIVE;
				GCC_WARN_UNUSED_FUNCTION = YES;
				GCC_WARN_UNUSED_VARIABLE = YES;
				HEADER_SEARCH_PATHS = (
					"$(inherited)",
					"$(PROJECT_DIR)/../AidemPython/python/**",
				);
				IPHONEOS_DEPLOYMENT_TARGET = 13.0;
				LIBRARY_SEARCH_PATHS = (
					"$(inherited)",
					"$(PROJECT_DIR)/../AidemPython",
				);
				MTL_ENABLE_DEBUG_INFO = INCLUDE_SOURCE;
				MTL_FAST_MATH = YES;
				ONLY_ACTIVE_ARCH = YES;
				SDKROOT = iphoneos;
			};
			name = Debug;
		};
		7F4CB5A224A42AAD00CC0889 /* Release */ = {
			isa = XCBuildConfiguration;
			buildSettings = {
				ALWAYS_SEARCH_USER_PATHS = NO;
				CLANG_ANALYZER_NONNULL = YES;
				CLANG_ANALYZER_NUMBER_OBJECT_CONVERSION = YES_AGGRESSIVE;
				CLANG_CXX_LANGUAGE_STANDARD = "gnu++14";
				CLANG_CXX_LIBRARY = "libc++";
				CLANG_ENABLE_MODULES = YES;
				CLANG_ENABLE_OBJC_ARC = YES;
				CLANG_ENABLE_OBJC_WEAK = YES;
				CLANG_WARN_BLOCK_CAPTURE_AUTORELEASING = YES;
				CLANG_WARN_BOOL_CONVERSION = YES;
				CLANG_WARN_COMMA = YES;
				CLANG_WARN_CONSTANT_CONVERSION = YES;
				CLANG_WARN_DEPRECATED_OBJC_IMPLEMENTATIONS = YES;
				CLANG_WARN_DIRECT_OBJC_ISA_USAGE = YES_ERROR;
				CLANG_WARN_DOCUMENTATION_COMMENTS = YES;
				CLANG_WARN_EMPTY_BODY = YES;
				CLANG_WARN_ENUM_CONVERSION = YES;
				CLANG_WARN_INFINITE_RECURSION = YES;
				CLANG_WARN_INT_CONVERSION = YES;
				CLANG_WARN_NON_LITERAL_NULL_CONVERSION = YES;
				CLANG_WARN_OBJC_IMPLICIT_RETAIN_SELF = YES;
				CLANG_WARN_OBJC_LITERAL_CONVERSION = YES;
				CLANG_WARN_OBJC_ROOT_CLASS = YES_ERROR;
				CLANG_WARN_RANGE_LOOP_ANALYSIS = YES;
				CLANG_WARN_STRICT_PROTOTYPES = YES;
				CLANG_WARN_SUSPICIOUS_MOVE = YES;
				CLANG_WARN_UNGUARDED_AVAILABILITY = YES_AGGRESSIVE;
				CLANG_WARN_UNREACHABLE_CODE = YES;
				CLANG_WARN__DUPLICATE_METHOD_MATCH = YES;
				COPY_PHASE_STRIP = NO;
				DEBUG_INFORMATION_FORMAT = "dwarf-with-dsym";
				ENABLE_NS_ASSERTIONS = NO;
				ENABLE_STRICT_OBJC_MSGSEND = YES;
				FRAMEWORK_SEARCH_PATHS = (
					"$(inherited)",
					"$(PROJECT_DIR)/../Carthage/Build/iOS",
				);
				GCC_C_LANGUAGE_STANDARD = gnu11;
				GCC_NO_COMMON_BLOCKS = YES;
				GCC_WARN_64_TO_32_BIT_CONVERSION = YES;
				GCC_WARN_ABOUT_RETURN_TYPE = YES_ERROR;
				GCC_WARN_UNDECLARED_SELECTOR = YES;
				GCC_WARN_UNINITIALIZED_AUTOS = YES_AGGRESSIVE;
				GCC_WARN_UNUSED_FUNCTION = YES;
				GCC_WARN_UNUSED_VARIABLE = YES;
				HEADER_SEARCH_PATHS = (
					"$(inherited)",
					"$(PROJECT_DIR)/../AidemPython/python/**",
				);
				IPHONEOS_DEPLOYMENT_TARGET = 13.0;
				LIBRARY_SEARCH_PATHS = (
					"$(inherited)",
					"$(PROJECT_DIR)/../AidemPython",
				);
				MTL_ENABLE_DEBUG_INFO = NO;
				MTL_FAST_MATH = YES;
				SDKROOT = iphoneos;
				VALIDATE_PRODUCT = YES;
			};
			name = Release;
		};
		7F4CB5A424A42AAD00CC0889 /* Debug */ = {
			isa = XCBuildConfiguration;
			buildSettings = {
				ASSETCATALOG_COMPILER_APPICON_NAME = AppIcon;
				CODE_SIGN_STYLE = Automatic;
				DEVELOPMENT_TEAM = QDYF4HH8B8;
				ENABLE_BITCODE = NO;
				INFOPLIST_FILE = AidemPythonDemo/SupportingFiles/Info.plist;
				LD_RUNPATH_SEARCH_PATHS = (
					"$(inherited)",
					"@executable_path/Frameworks",
				);
				PRODUCT_BUNDLE_IDENTIFIER = com.kjuly.AidemPythonDemo;
				PRODUCT_NAME = "$(TARGET_NAME)";
				TARGETED_DEVICE_FAMILY = "1,2";
			};
			name = Debug;
		};
		7F4CB5A524A42AAD00CC0889 /* Release */ = {
			isa = XCBuildConfiguration;
			buildSettings = {
				ASSETCATALOG_COMPILER_APPICON_NAME = AppIcon;
				CODE_SIGN_STYLE = Automatic;
				DEVELOPMENT_TEAM = QDYF4HH8B8;
				ENABLE_BITCODE = NO;
				INFOPLIST_FILE = AidemPythonDemo/SupportingFiles/Info.plist;
				LD_RUNPATH_SEARCH_PATHS = (
					"$(inherited)",
					"@executable_path/Frameworks",
				);
				PRODUCT_BUNDLE_IDENTIFIER = com.kjuly.AidemPythonDemo;
				PRODUCT_NAME = "$(TARGET_NAME)";
				TARGETED_DEVICE_FAMILY = "1,2";
			};
			name = Release;
		};
		7F4CB5A724A42AAD00CC0889 /* Debug */ = {
			isa = XCBuildConfiguration;
			buildSettings = {
				BUNDLE_LOADER = "$(TEST_HOST)";
				CODE_SIGN_STYLE = Automatic;
				DEVELOPMENT_TEAM = QDYF4HH8B8;
				INFOPLIST_FILE = AidemPythonDemoTests/Info.plist;
				IPHONEOS_DEPLOYMENT_TARGET = 13.5;
				LD_RUNPATH_SEARCH_PATHS = (
					"$(inherited)",
					"@executable_path/Frameworks",
					"@loader_path/Frameworks",
				);
				PRODUCT_BUNDLE_IDENTIFIER = com.kjuly.AidemPythonDemoTests;
				PRODUCT_NAME = "$(TARGET_NAME)";
				TARGETED_DEVICE_FAMILY = "1,2";
				TEST_HOST = "$(BUILT_PRODUCTS_DIR)/AidemPythonDemo.app/AidemPythonDemo";
			};
			name = Debug;
		};
		7F4CB5A824A42AAD00CC0889 /* Release */ = {
			isa = XCBuildConfiguration;
			buildSettings = {
				BUNDLE_LOADER = "$(TEST_HOST)";
				CODE_SIGN_STYLE = Automatic;
				DEVELOPMENT_TEAM = QDYF4HH8B8;
				INFOPLIST_FILE = AidemPythonDemoTests/Info.plist;
				IPHONEOS_DEPLOYMENT_TARGET = 13.5;
				LD_RUNPATH_SEARCH_PATHS = (
					"$(inherited)",
					"@executable_path/Frameworks",
					"@loader_path/Frameworks",
				);
				PRODUCT_BUNDLE_IDENTIFIER = com.kjuly.AidemPythonDemoTests;
				PRODUCT_NAME = "$(TARGET_NAME)";
				TARGETED_DEVICE_FAMILY = "1,2";
				TEST_HOST = "$(BUILT_PRODUCTS_DIR)/AidemPythonDemo.app/AidemPythonDemo";
			};
			name = Release;
		};
		7F4CB5AA24A42AAD00CC0889 /* Debug */ = {
			isa = XCBuildConfiguration;
			buildSettings = {
				CODE_SIGN_STYLE = Automatic;
				DEVELOPMENT_TEAM = QDYF4HH8B8;
				INFOPLIST_FILE = AidemPythonDemoUITests/Info.plist;
				LD_RUNPATH_SEARCH_PATHS = (
					"$(inherited)",
					"@executable_path/Frameworks",
					"@loader_path/Frameworks",
				);
				PRODUCT_BUNDLE_IDENTIFIER = com.kjuly.AidemPythonDemoUITests;
				PRODUCT_NAME = "$(TARGET_NAME)";
				TARGETED_DEVICE_FAMILY = "1,2";
				TEST_TARGET_NAME = AidemPythonDemo;
			};
			name = Debug;
		};
		7F4CB5AB24A42AAD00CC0889 /* Release */ = {
			isa = XCBuildConfiguration;
			buildSettings = {
				CODE_SIGN_STYLE = Automatic;
				DEVELOPMENT_TEAM = QDYF4HH8B8;
				INFOPLIST_FILE = AidemPythonDemoUITests/Info.plist;
				LD_RUNPATH_SEARCH_PATHS = (
					"$(inherited)",
					"@executable_path/Frameworks",
					"@loader_path/Frameworks",
				);
				PRODUCT_BUNDLE_IDENTIFIER = com.kjuly.AidemPythonDemoUITests;
				PRODUCT_NAME = "$(TARGET_NAME)";
				TARGETED_DEVICE_FAMILY = "1,2";
				TEST_TARGET_NAME = AidemPythonDemo;
			};
			name = Release;
		};
/* End XCBuildConfiguration section */

/* Begin XCConfigurationList section */
		7F4CB56F24A42AAB00CC0889 /* Build configuration list for PBXProject "AidemPythonDemo" */ = {
			isa = XCConfigurationList;
			buildConfigurations = (
				7F4CB5A124A42AAD00CC0889 /* Debug */,
				7F4CB5A224A42AAD00CC0889 /* Release */,
			);
			defaultConfigurationIsVisible = 0;
			defaultConfigurationName = Release;
		};
		7F4CB5A324A42AAD00CC0889 /* Build configuration list for PBXNativeTarget "AidemPythonDemo" */ = {
			isa = XCConfigurationList;
			buildConfigurations = (
				7F4CB5A424A42AAD00CC0889 /* Debug */,
				7F4CB5A524A42AAD00CC0889 /* Release */,
			);
			defaultConfigurationIsVisible = 0;
			defaultConfigurationName = Release;
		};
		7F4CB5A624A42AAD00CC0889 /* Build configuration list for PBXNativeTarget "AidemPythonDemoTests" */ = {
			isa = XCConfigurationList;
			buildConfigurations = (
				7F4CB5A724A42AAD00CC0889 /* Debug */,
				7F4CB5A824A42AAD00CC0889 /* Release */,
			);
			defaultConfigurationIsVisible = 0;
			defaultConfigurationName = Release;
		};
		7F4CB5A924A42AAD00CC0889 /* Build configuration list for PBXNativeTarget "AidemPythonDemoUITests" */ = {
			isa = XCConfigurationList;
			buildConfigurations = (
				7F4CB5AA24A42AAD00CC0889 /* Debug */,
				7F4CB5AB24A42AAD00CC0889 /* Release */,
			);
			defaultConfigurationIsVisible = 0;
			defaultConfigurationName = Release;
		};
/* End XCConfigurationList section */

/* Begin XCRemoteSwiftPackageReference section */
		7FD063CE29E5A07C00787EB2 /* XCRemoteSwiftPackageReference "MBProgressHUD" */ = {
			isa = XCRemoteSwiftPackageReference;
			repositoryURL = "https://github.com/jdg/MBProgressHUD.git";
			requirement = {
				branch = master;
				kind = branch;
			};
		};
		7FD063D129E5A12F00787EB2 /* XCRemoteSwiftPackageReference "AFNetworking" */ = {
			isa = XCRemoteSwiftPackageReference;
			repositoryURL = "https://github.com/AFNetworking/AFNetworking";
			requirement = {
				branch = master;
				kind = branch;
			};
		};
/* End XCRemoteSwiftPackageReference section */

/* Begin XCSwiftPackageProductDependency section */
		7FD063CF29E5A07C00787EB2 /* MBProgressHUD */ = {
			isa = XCSwiftPackageProductDependency;
			package = 7FD063CE29E5A07C00787EB2 /* XCRemoteSwiftPackageReference "MBProgressHUD" */;
			productName = MBProgressHUD;
		};
		7FD063D229E5A12F00787EB2 /* AFNetworking */ = {
			isa = XCSwiftPackageProductDependency;
			package = 7FD063D129E5A12F00787EB2 /* XCRemoteSwiftPackageReference "AFNetworking" */;
			productName = AFNetworking;
		};
/* End XCSwiftPackageProductDependency section */
	};
	rootObject = 7F4CB56C24A42AAB00CC0889 /* Project object */;
}
